
Microsoft Visual Studio Solution File, Format Version 12.00
# Visual Studio Version 16
VisualStudioVersion = 16.0.31911.196
MinimumVisualStudioVersion = 10.0.40219.1
Project("{FAE04EC0-301F-11D3-BF4B-00C04F79EFBC}") = "PasswordValidation.Services", "PasswordValidation.Services.csproj", "{13C259FC-8376-44A4-9998-15B0149FFC5E}"
EndProject
Project("{FAE04EC0-301F-11D3-BF4B-00C04F79EFBC}") = "PasswordValidation.Services.Test", "..\PasswordVerification.Services.Test\PasswordValidation.Services.Test.csproj", "{98B8233A-DE79-4A4C-BD63-ABD510DF2300}"
EndProject
Global
	GlobalSection(SolutionConfigurationPlatforms) = preSolution
		Debug|Any CPU = Debug|Any CPU
		Release|Any CPU = Release|Any CPU
	EndGlobalSection
	GlobalSection(ProjectConfigurationPlatforms) = postSolution
		{13C259FC-8376-44A4-9998-15B0149FFC5E}.Debug|Any CPU.ActiveCfg = Debug|Any CPU
		{13C259FC-8376-44A4-9998-15B0149FFC5E}.Debug|Any CPU.Build.0 = Debug|Any CPU
		{13C259FC-8376-44A4-9998-15B0149FFC5E}.Release|Any CPU.ActiveCfg = Release|Any CPU
		{13C259FC-8376-44A4-9998-15B0149FFC5E}.Release|Any CPU.Build.0 = Release|Any CPU
		{98B8233A-DE79-4A4C-BD63-ABD510DF2300}.Debug|Any CPU.ActiveCfg = Debug|Any CPU
		{98B8233A-DE79-4A4C-BD63-ABD510DF2300}.Debug|Any CPU.Build.0 = Debug|Any CPU
		{98B8233A-DE79-4A4C-BD63-ABD510DF2300}.Release|Any CPU.ActiveCfg = Release|Any CPU
		{98B8233A-DE79-4A4C-BD63-ABD510DF2300}.Release|Any CPU.Build.0 = Release|Any CPU
	EndGlobalSection
	GlobalSection(SolutionProperties) = preSolution
		HideSolutionNode = FALSE
	EndGlobalSection
	GlobalSection(ExtensibilityGlobals) = postSolution
		SolutionGuid = {1E851714-DCE5-479E-8807-02ACC8C2F63F}
	EndGlobalSection
EndGlobal
